
Microsoft Visual Studio Solution File, Format Version 12.00
# Visual Studio Version 16
VisualStudioVersion = 16.0.31911.196
MinimumVisualStudioVersion = 10.0.40219.1
Project("{FAE04EC0-301F-11D3-BF4B-00C04F79EFBC}") = "Homework_12", "Homework_12.csproj", "{B4C646A6-7274-4542-B109-C7CF23C2BFEB}"
EndProject
Global
	GlobalSection(SolutionConfigurationPlatforms) = preSolution
		Debug|Any CPU = Debug|Any CPU
		Release|Any CPU = Release|Any CPU
	EndGlobalSection
	GlobalSection(ProjectConfigurationPlatforms) = postSolution
		{B4C646A6-7274-4542-B109-C7CF23C2BFEB}.Debug|Any CPU.ActiveCfg = Debug|Any CPU
		{B4C646A6-7274-4542-B109-C7CF23C2BFEB}.Debug|Any CPU.Build.0 = Debug|Any CPU
		{B4C646A6-7274-4542-B109-C7CF23C2BFEB}.Release|Any CPU.ActiveCfg = Release|Any CPU
		{B4C646A6-7274-4542-B109-C7CF23C2BFEB}.Release|Any CPU.Build.0 = Release|Any CPU
	EndGlobalSection
	GlobalSection(SolutionProperties) = preSolution
		HideSolutionNode = FALSE
	EndGlobalSection
	GlobalSection(ExtensibilityGlobals) = postSolution
		SolutionGuid = {5F0417F4-7409-4E33-A2FD-60771EE77F96}
	EndGlobalSection
EndGlobal
